
Microsoft Visual Studio Solution File, Format Version 12.00
# Visual Studio Version 17
VisualStudioVersion = 17.0.31903.59
MinimumVisualStudioVersion = 10.0.40219.1
Project("{2150E333-8FDC-42A3-9474-1A3956D46DE8}") = "src", "src", "{E1249DCA-A5E4-4511-BB4C-AADE0E007224}"
EndProject
Project("{FAE04EC0-301F-11D3-BF4B-00C04F79EFBC}") = "AuctionService", "src\AuctionService\AuctionService.csproj", "{D2BF2F7E-D379-42EB-A475-D7FB1B0B22C1}"
EndProject
Project("{FAE04EC0-301F-11D3-BF4B-00C04F79EFBC}") = "SearchService", "src\SearchService\SearchService.csproj", "{9EF2D62E-4ACE-4CFC-86EA-7B48C794740F}"
EndProject
Global
	GlobalSection(SolutionConfigurationPlatforms) = preSolution
		Debug|Any CPU = Debug|Any CPU
		Release|Any CPU = Release|Any CPU
	EndGlobalSection
	GlobalSection(SolutionProperties) = preSolution
		HideSolutionNode = FALSE
	EndGlobalSection
	GlobalSection(ProjectConfigurationPlatforms) = postSolution
		{D2BF2F7E-D379-42EB-A475-D7FB1B0B22C1}.Debug|Any CPU.ActiveCfg = Debug|Any CPU
		{D2BF2F7E-D379-42EB-A475-D7FB1B0B22C1}.Debug|Any CPU.Build.0 = Debug|Any CPU
		{D2BF2F7E-D379-42EB-A475-D7FB1B0B22C1}.Release|Any CPU.ActiveCfg = Release|Any CPU
		{D2BF2F7E-D379-42EB-A475-D7FB1B0B22C1}.Release|Any CPU.Build.0 = Release|Any CPU
		{9EF2D62E-4ACE-4CFC-86EA-7B48C794740F}.Debug|Any CPU.ActiveCfg = Debug|Any CPU
		{9EF2D62E-4ACE-4CFC-86EA-7B48C794740F}.Debug|Any CPU.Build.0 = Debug|Any CPU
		{9EF2D62E-4ACE-4CFC-86EA-7B48C794740F}.Release|Any CPU.ActiveCfg = Release|Any CPU
		{9EF2D62E-4ACE-4CFC-86EA-7B48C794740F}.Release|Any CPU.Build.0 = Release|Any CPU
	EndGlobalSection
	GlobalSection(NestedProjects) = preSolution
		{D2BF2F7E-D379-42EB-A475-D7FB1B0B22C1} = {E1249DCA-A5E4-4511-BB4C-AADE0E007224}
		{9EF2D62E-4ACE-4CFC-86EA-7B48C794740F} = {E1249DCA-A5E4-4511-BB4C-AADE0E007224}
	EndGlobalSection
EndGlobal
